
Microsoft Visual Studio Solution File, Format Version 12.00
# Visual Studio 15
VisualStudioVersion = 15.0.26730.15
MinimumVisualStudioVersion = 10.0.40219.1
Project("{FAE04EC0-301F-11D3-BF4B-00C04F79EFBC}") = "SalaryCalculatorTestProject --TestsFirst", "SalaryCalculatorTestProject\SalaryCalculatorTestProject --TestsFirst.csproj", "{27A771AC-1461-43E4-B179-5BA0DCA510FB}"
EndProject
Project("{FAE04EC0-301F-11D3-BF4B-00C04F79EFBC}") = "Calculator", "Calculator\Calculator.csproj", "{36A57C22-F274-44A7-A692-339A39C3DB55}"
EndProject
Project("{FAE04EC0-301F-11D3-BF4B-00C04F79EFBC}") = "Polymorphism", "Polymorphism\Polymorphism.csproj", "{DA6FD965-F380-4EEA-AAA3-4A8F57C42A42}"
EndProject
Project("{FAE04EC0-301F-11D3-BF4B-00C04F79EFBC}") = "PolymorphismTestProject --TestsAfterCode", "PolymorphismTestProject --TestsAfterCode\PolymorphismTestProject --TestsAfterCode.csproj", "{8B4DBE52-6EBE-4681-81A6-293633985B57}"
EndProject
Global
	GlobalSection(SolutionConfigurationPlatforms) = preSolution
		Debug|Any CPU = Debug|Any CPU
		Release|Any CPU = Release|Any CPU
	EndGlobalSection
	GlobalSection(ProjectConfigurationPlatforms) = postSolution
		{27A771AC-1461-43E4-B179-5BA0DCA510FB}.Debug|Any CPU.ActiveCfg = Debug|Any CPU
		{27A771AC-1461-43E4-B179-5BA0DCA510FB}.Debug|Any CPU.Build.0 = Debug|Any CPU
		{27A771AC-1461-43E4-B179-5BA0DCA510FB}.Release|Any CPU.ActiveCfg = Release|Any CPU
		{27A771AC-1461-43E4-B179-5BA0DCA510FB}.Release|Any CPU.Build.0 = Release|Any CPU
		{36A57C22-F274-44A7-A692-339A39C3DB55}.Debug|Any CPU.ActiveCfg = Debug|Any CPU
		{36A57C22-F274-44A7-A692-339A39C3DB55}.Debug|Any CPU.Build.0 = Debug|Any CPU
		{36A57C22-F274-44A7-A692-339A39C3DB55}.Release|Any CPU.ActiveCfg = Release|Any CPU
		{36A57C22-F274-44A7-A692-339A39C3DB55}.Release|Any CPU.Build.0 = Release|Any CPU
		{DA6FD965-F380-4EEA-AAA3-4A8F57C42A42}.Debug|Any CPU.ActiveCfg = Debug|Any CPU
		{DA6FD965-F380-4EEA-AAA3-4A8F57C42A42}.Debug|Any CPU.Build.0 = Debug|Any CPU
		{DA6FD965-F380-4EEA-AAA3-4A8F57C42A42}.Release|Any CPU.ActiveCfg = Release|Any CPU
		{DA6FD965-F380-4EEA-AAA3-4A8F57C42A42}.Release|Any CPU.Build.0 = Release|Any CPU
		{8B4DBE52-6EBE-4681-81A6-293633985B57}.Debug|Any CPU.ActiveCfg = Debug|Any CPU
		{8B4DBE52-6EBE-4681-81A6-293633985B57}.Debug|Any CPU.Build.0 = Debug|Any CPU
		{8B4DBE52-6EBE-4681-81A6-293633985B57}.Release|Any CPU.ActiveCfg = Release|Any CPU
		{8B4DBE52-6EBE-4681-81A6-293633985B57}.Release|Any CPU.Build.0 = Release|Any CPU
	EndGlobalSection
	GlobalSection(SolutionProperties) = preSolution
		HideSolutionNode = FALSE
	EndGlobalSection
	GlobalSection(ExtensibilityGlobals) = postSolution
		SolutionGuid = {2901880A-9F5C-499C-AFEF-E96C6602A76D}
	EndGlobalSection
EndGlobal
